// !$*UTF8*$!
{
	archiveVersion = 1;
	classes = {
	};
	objectVersion = 56;
	objects = {

/* Begin PBXBuildFile section */
		080EC3452B07DB8E005B4382 /* FeedView.swift in Sources */ = {isa = PBXBuildFile; fileRef = 080EC3442B07DB8E005B4382 /* FeedView.swift */; };
		080EC3472B07DB97005B4382 /* FeedCell.swift in Sources */ = {isa = PBXBuildFile; fileRef = 080EC3462B07DB97005B4382 /* FeedCell.swift */; };
		08215C6F2B06030B005B8FE6 /* InstagramTutorialApp.swift in Sources */ = {isa = PBXBuildFile; fileRef = 08215C6E2B06030B005B8FE6 /* InstagramTutorialApp.swift */; };
		08215C712B06030B005B8FE6 /* ContentView.swift in Sources */ = {isa = PBXBuildFile; fileRef = 08215C702B06030B005B8FE6 /* ContentView.swift */; };
		08215C732B06030C005B8FE6 /* Assets.xcassets in Resources */ = {isa = PBXBuildFile; fileRef = 08215C722B06030C005B8FE6 /* Assets.xcassets */; };
		08215C762B06030C005B8FE6 /* Preview Assets.xcassets in Resources */ = {isa = PBXBuildFile; fileRef = 08215C752B06030C005B8FE6 /* Preview Assets.xcassets */; };
		08215C8A2B06053B005B8FE6 /* MainTabView.swift in Sources */ = {isa = PBXBuildFile; fileRef = 08215C892B06053B005B8FE6 /* MainTabView.swift */; };
		08215C8C2B060643005B8FE6 /* ProfileView.swift in Sources */ = {isa = PBXBuildFile; fileRef = 08215C8B2B060643005B8FE6 /* ProfileView.swift */; };
		08215C8F2B060A5A005B8FE6 /* UserStackView.swift in Sources */ = {isa = PBXBuildFile; fileRef = 08215C8E2B060A5A005B8FE6 /* UserStackView.swift */; };
		088E4FFB2B085CCD00ADC202 /* SearchView.swift in Sources */ = {isa = PBXBuildFile; fileRef = 088E4FFA2B085CCD00ADC202 /* SearchView.swift */; };
		088E4FFD2B086B8600ADC202 /* LoginView.swift in Sources */ = {isa = PBXBuildFile; fileRef = 088E4FFC2B086B8600ADC202 /* LoginView.swift */; };
		088E4FFF2B088C0E00ADC202 /* AddEmailView.swift in Sources */ = {isa = PBXBuildFile; fileRef = 088E4FFE2B088C0E00ADC202 /* AddEmailView.swift */; };
		088E50012B08902400ADC202 /* IGTextFieldModifier.swift in Sources */ = {isa = PBXBuildFile; fileRef = 088E50002B08902400ADC202 /* IGTextFieldModifier.swift */; };
		088E50032B08913600ADC202 /* CreateUsernameView.swift in Sources */ = {isa = PBXBuildFile; fileRef = 088E50022B08913600ADC202 /* CreateUsernameView.swift */; };
		088E50072B08954900ADC202 /* CreatePasswordView.swift in Sources */ = {isa = PBXBuildFile; fileRef = 088E50062B08954900ADC202 /* CreatePasswordView.swift */; };
		088E50092B0895D700ADC202 /* CompleteSignUpView.swift in Sources */ = {isa = PBXBuildFile; fileRef = 088E50082B0895D700ADC202 /* CompleteSignUpView.swift */; };
		088E500B2B091D8300ADC202 /* User.swift in Sources */ = {isa = PBXBuildFile; fileRef = 088E500A2B091D8300ADC202 /* User.swift */; };
		088E500F2B092B1300ADC202 /* CurrentUserProfileView.swift in Sources */ = {isa = PBXBuildFile; fileRef = 088E500E2B092B1300ADC202 /* CurrentUserProfileView.swift */; };
		088E50112B09305300ADC202 /* Post.swift in Sources */ = {isa = PBXBuildFile; fileRef = 088E50102B09305300ADC202 /* Post.swift */; };
		088E50132B093CE500ADC202 /* PostGridView.swift in Sources */ = {isa = PBXBuildFile; fileRef = 088E50122B093CE500ADC202 /* PostGridView.swift */; };
		088E50152B093E5200ADC202 /* ProfileHeaderView.swift in Sources */ = {isa = PBXBuildFile; fileRef = 088E50142B093E5200ADC202 /* ProfileHeaderView.swift */; };
		088E50172B09620400ADC202 /* iconText.swift in Sources */ = {isa = PBXBuildFile; fileRef = 088E50162B09620400ADC202 /* iconText.swift */; };
		088E50192B09699700ADC202 /* GoogleService-Info.plist in Resources */ = {isa = PBXBuildFile; fileRef = 088E50182B09699700ADC202 /* GoogleService-Info.plist */; };
		088E501C2B096A6000ADC202 /* FirebaseAnalytics in Frameworks */ = {isa = PBXBuildFile; productRef = 088E501B2B096A6000ADC202 /* FirebaseAnalytics */; };
		088E501E2B096A6000ADC202 /* FirebaseAnalyticsOnDeviceConversion in Frameworks */ = {isa = PBXBuildFile; productRef = 088E501D2B096A6000ADC202 /* FirebaseAnalyticsOnDeviceConversion */; };
		088E50202B096A6000ADC202 /* FirebaseAnalyticsSwift in Frameworks */ = {isa = PBXBuildFile; productRef = 088E501F2B096A6000ADC202 /* FirebaseAnalyticsSwift */; };
		088E50222B096A6000ADC202 /* FirebaseAnalyticsWithoutAdIdSupport in Frameworks */ = {isa = PBXBuildFile; productRef = 088E50212B096A6000ADC202 /* FirebaseAnalyticsWithoutAdIdSupport */; };
		088E50242B096A6000ADC202 /* FirebaseAppCheck in Frameworks */ = {isa = PBXBuildFile; productRef = 088E50232B096A6000ADC202 /* FirebaseAppCheck */; };
		088E50262B096A6000ADC202 /* FirebaseAppDistribution-Beta in Frameworks */ = {isa = PBXBuildFile; productRef = 088E50252B096A6000ADC202 /* FirebaseAppDistribution-Beta */; };
		088E50282B096A6000ADC202 /* FirebaseAuth in Frameworks */ = {isa = PBXBuildFile; productRef = 088E50272B096A6000ADC202 /* FirebaseAuth */; };
		088E502A2B096A6000ADC202 /* FirebaseAuthCombine-Community in Frameworks */ = {isa = PBXBuildFile; productRef = 088E50292B096A6000ADC202 /* FirebaseAuthCombine-Community */; };
		088E502C2B096A6000ADC202 /* FirebaseCrashlytics in Frameworks */ = {isa = PBXBuildFile; productRef = 088E502B2B096A6000ADC202 /* FirebaseCrashlytics */; };
		088E502E2B096A6000ADC202 /* FirebaseDatabase in Frameworks */ = {isa = PBXBuildFile; productRef = 088E502D2B096A6000ADC202 /* FirebaseDatabase */; };
		088E50302B096A6000ADC202 /* FirebaseDatabaseSwift in Frameworks */ = {isa = PBXBuildFile; productRef = 088E502F2B096A6000ADC202 /* FirebaseDatabaseSwift */; };
		088E50322B096A6000ADC202 /* FirebaseDynamicLinks in Frameworks */ = {isa = PBXBuildFile; productRef = 088E50312B096A6000ADC202 /* FirebaseDynamicLinks */; };
		088E50342B096A6000ADC202 /* FirebaseFirestore in Frameworks */ = {isa = PBXBuildFile; productRef = 088E50332B096A6000ADC202 /* FirebaseFirestore */; };
		088E50362B096A6000ADC202 /* FirebaseFirestoreCombine-Community in Frameworks */ = {isa = PBXBuildFile; productRef = 088E50352B096A6000ADC202 /* FirebaseFirestoreCombine-Community */; };
		088E50382B096A6000ADC202 /* FirebaseFirestoreSwift in Frameworks */ = {isa = PBXBuildFile; productRef = 088E50372B096A6000ADC202 /* FirebaseFirestoreSwift */; };
		088E503A2B096A6000ADC202 /* FirebaseFunctions in Frameworks */ = {isa = PBXBuildFile; productRef = 088E50392B096A6000ADC202 /* FirebaseFunctions */; };
		088E503C2B096A6000ADC202 /* FirebaseFunctionsCombine-Community in Frameworks */ = {isa = PBXBuildFile; productRef = 088E503B2B096A6000ADC202 /* FirebaseFunctionsCombine-Community */; };
		088E503E2B096A6000ADC202 /* FirebaseInAppMessaging-Beta in Frameworks */ = {isa = PBXBuildFile; productRef = 088E503D2B096A6000ADC202 /* FirebaseInAppMessaging-Beta */; };
		088E50402B096A6000ADC202 /* FirebaseInAppMessagingSwift-Beta in Frameworks */ = {isa = PBXBuildFile; productRef = 088E503F2B096A6000ADC202 /* FirebaseInAppMessagingSwift-Beta */; };
		088E50422B096A6000ADC202 /* FirebaseInstallations in Frameworks */ = {isa = PBXBuildFile; productRef = 088E50412B096A6000ADC202 /* FirebaseInstallations */; };
		088E50442B096A6000ADC202 /* FirebaseMLModelDownloader in Frameworks */ = {isa = PBXBuildFile; productRef = 088E50432B096A6000ADC202 /* FirebaseMLModelDownloader */; };
		088E50462B096A6000ADC202 /* FirebaseMessaging in Frameworks */ = {isa = PBXBuildFile; productRef = 088E50452B096A6000ADC202 /* FirebaseMessaging */; };
		088E50482B096A6000ADC202 /* FirebasePerformance in Frameworks */ = {isa = PBXBuildFile; productRef = 088E50472B096A6000ADC202 /* FirebasePerformance */; };
		088E504A2B096A6000ADC202 /* FirebaseRemoteConfig in Frameworks */ = {isa = PBXBuildFile; productRef = 088E50492B096A6000ADC202 /* FirebaseRemoteConfig */; };
		088E504C2B096A6000ADC202 /* FirebaseRemoteConfigSwift in Frameworks */ = {isa = PBXBuildFile; productRef = 088E504B2B096A6000ADC202 /* FirebaseRemoteConfigSwift */; };
		088E504E2B096A6000ADC202 /* FirebaseStorage in Frameworks */ = {isa = PBXBuildFile; productRef = 088E504D2B096A6000ADC202 /* FirebaseStorage */; };
		088E50502B096A6000ADC202 /* FirebaseStorageCombine-Community in Frameworks */ = {isa = PBXBuildFile; productRef = 088E504F2B096A6000ADC202 /* FirebaseStorageCombine-Community */; };
		088E50522B09964700ADC202 /* UploadPostView.swift in Sources */ = {isa = PBXBuildFile; fileRef = 088E50512B09964700ADC202 /* UploadPostView.swift */; };
		08C13CD02B1B010A000B8DAF /* UploadPostViewModel.swift in Sources */ = {isa = PBXBuildFile; fileRef = 08C13CCF2B1B010A000B8DAF /* UploadPostViewModel.swift */; };
		08C13CD42B1B079E000B8DAF /* AuthService.swift in Sources */ = {isa = PBXBuildFile; fileRef = 08C13CD32B1B079E000B8DAF /* AuthService.swift */; };
		08C13CD82B1B0967000B8DAF /* ContentViewModel.swift in Sources */ = {isa = PBXBuildFile; fileRef = 08C13CD72B1B0967000B8DAF /* ContentViewModel.swift */; };
/* End PBXBuildFile section */

/* Begin PBXFileReference section */
		080EC3442B07DB8E005B4382 /* FeedView.swift */ = {isa = PBXFileReference; lastKnownFileType = sourcecode.swift; path = FeedView.swift; sourceTree = "<group>"; };
		080EC3462B07DB97005B4382 /* FeedCell.swift */ = {isa = PBXFileReference; lastKnownFileType = sourcecode.swift; path = FeedCell.swift; sourceTree = "<group>"; };
		08215C6B2B06030B005B8FE6 /* InstagramTutorial.app */ = {isa = PBXFileReference; explicitFileType = wrapper.application; includeInIndex = 0; path = InstagramTutorial.app; sourceTree = BUILT_PRODUCTS_DIR; };
		08215C6E2B06030B005B8FE6 /* InstagramTutorialApp.swift */ = {isa = PBXFileReference; lastKnownFileType = sourcecode.swift; path = InstagramTutorialApp.swift; sourceTree = "<group>"; };
		08215C702B06030B005B8FE6 /* ContentView.swift */ = {isa = PBXFileReference; lastKnownFileType = sourcecode.swift; path = ContentView.swift; sourceTree = "<group>"; };
		08215C722B06030C005B8FE6 /* Assets.xcassets */ = {isa = PBXFileReference; lastKnownFileType = folder.assetcatalog; path = Assets.xcassets; sourceTree = "<group>"; };
		08215C752B06030C005B8FE6 /* Preview Assets.xcassets */ = {isa = PBXFileReference; lastKnownFileType = folder.assetcatalog; path = "Preview Assets.xcassets"; sourceTree = "<group>"; };
		08215C892B06053B005B8FE6 /* MainTabView.swift */ = {isa = PBXFileReference; lastKnownFileType = sourcecode.swift; path = MainTabView.swift; sourceTree = "<group>"; };
		08215C8B2B060643005B8FE6 /* ProfileView.swift */ = {isa = PBXFileReference; lastKnownFileType = sourcecode.swift; path = ProfileView.swift; sourceTree = "<group>"; };
		08215C8E2B060A5A005B8FE6 /* UserStackView.swift */ = {isa = PBXFileReference; lastKnownFileType = sourcecode.swift; path = UserStackView.swift; sourceTree = "<group>"; };
		088E4FFA2B085CCD00ADC202 /* SearchView.swift */ = {isa = PBXFileReference; lastKnownFileType = sourcecode.swift; path = SearchView.swift; sourceTree = "<group>"; };
		088E4FFC2B086B8600ADC202 /* LoginView.swift */ = {isa = PBXFileReference; lastKnownFileType = sourcecode.swift; path = LoginView.swift; sourceTree = "<group>"; };
		088E4FFE2B088C0E00ADC202 /* AddEmailView.swift */ = {isa = PBXFileReference; lastKnownFileType = sourcecode.swift; path = AddEmailView.swift; sourceTree = "<group>"; };
		088E50002B08902400ADC202 /* IGTextFieldModifier.swift */ = {isa = PBXFileReference; lastKnownFileType = sourcecode.swift; path = IGTextFieldModifier.swift; sourceTree = "<group>"; };
		088E50022B08913600ADC202 /* CreateUsernameView.swift */ = {isa = PBXFileReference; lastKnownFileType = sourcecode.swift; path = CreateUsernameView.swift; sourceTree = "<group>"; };
		088E50062B08954900ADC202 /* CreatePasswordView.swift */ = {isa = PBXFileReference; lastKnownFileType = sourcecode.swift; path = CreatePasswordView.swift; sourceTree = "<group>"; };
		088E50082B0895D700ADC202 /* CompleteSignUpView.swift */ = {isa = PBXFileReference; lastKnownFileType = sourcecode.swift; path = CompleteSignUpView.swift; sourceTree = "<group>"; };
		088E500A2B091D8300ADC202 /* User.swift */ = {isa = PBXFileReference; lastKnownFileType = sourcecode.swift; path = User.swift; sourceTree = "<group>"; };
		088E500E2B092B1300ADC202 /* CurrentUserProfileView.swift */ = {isa = PBXFileReference; lastKnownFileType = sourcecode.swift; path = CurrentUserProfileView.swift; sourceTree = "<group>"; };
		088E50102B09305300ADC202 /* Post.swift */ = {isa = PBXFileReference; lastKnownFileType = sourcecode.swift; path = Post.swift; sourceTree = "<group>"; };
		088E50122B093CE500ADC202 /* PostGridView.swift */ = {isa = PBXFileReference; lastKnownFileType = sourcecode.swift; path = PostGridView.swift; sourceTree = "<group>"; };
		088E50142B093E5200ADC202 /* ProfileHeaderView.swift */ = {isa = PBXFileReference; lastKnownFileType = sourcecode.swift; path = ProfileHeaderView.swift; sourceTree = "<group>"; };
		088E50162B09620400ADC202 /* iconText.swift */ = {isa = PBXFileReference; lastKnownFileType = sourcecode.swift; path = iconText.swift; sourceTree = "<group>"; };
		088E50182B09699700ADC202 /* GoogleService-Info.plist */ = {isa = PBXFileReference; lastKnownFileType = text.plist; path = "GoogleService-Info.plist"; sourceTree = SOURCE_ROOT; };
		088E50512B09964700ADC202 /* UploadPostView.swift */ = {isa = PBXFileReference; lastKnownFileType = sourcecode.swift; path = UploadPostView.swift; sourceTree = "<group>"; };
		08C13CCF2B1B010A000B8DAF /* UploadPostViewModel.swift */ = {isa = PBXFileReference; lastKnownFileType = sourcecode.swift; path = UploadPostViewModel.swift; sourceTree = "<group>"; };
		08C13CD32B1B079E000B8DAF /* AuthService.swift */ = {isa = PBXFileReference; lastKnownFileType = sourcecode.swift; path = AuthService.swift; sourceTree = "<group>"; };
		08C13CD72B1B0967000B8DAF /* ContentViewModel.swift */ = {isa = PBXFileReference; lastKnownFileType = sourcecode.swift; path = ContentViewModel.swift; sourceTree = "<group>"; };
/* End PBXFileReference section */

/* Begin PBXFrameworksBuildPhase section */
		08215C682B06030B005B8FE6 /* Frameworks */ = {
			isa = PBXFrameworksBuildPhase;
			buildActionMask = 2147483647;
			files = (
				088E502E2B096A6000ADC202 /* FirebaseDatabase in Frameworks */,
				088E503C2B096A6000ADC202 /* FirebaseFunctionsCombine-Community in Frameworks */,
				088E50342B096A6000ADC202 /* FirebaseFirestore in Frameworks */,
				088E50202B096A6000ADC202 /* FirebaseAnalyticsSwift in Frameworks */,
				088E501C2B096A6000ADC202 /* FirebaseAnalytics in Frameworks */,
				088E501E2B096A6000ADC202 /* FirebaseAnalyticsOnDeviceConversion in Frameworks */,
				088E50442B096A6000ADC202 /* FirebaseMLModelDownloader in Frameworks */,
				088E50382B096A6000ADC202 /* FirebaseFirestoreSwift in Frameworks */,
				088E50242B096A6000ADC202 /* FirebaseAppCheck in Frameworks */,
				088E50222B096A6000ADC202 /* FirebaseAnalyticsWithoutAdIdSupport in Frameworks */,
				088E50282B096A6000ADC202 /* FirebaseAuth in Frameworks */,
				088E502C2B096A6000ADC202 /* FirebaseCrashlytics in Frameworks */,
				088E504C2B096A6000ADC202 /* FirebaseRemoteConfigSwift in Frameworks */,
				088E503E2B096A6000ADC202 /* FirebaseInAppMessaging-Beta in Frameworks */,
				088E50302B096A6000ADC202 /* FirebaseDatabaseSwift in Frameworks */,
				088E503A2B096A6000ADC202 /* FirebaseFunctions in Frameworks */,
				088E50502B096A6000ADC202 /* FirebaseStorageCombine-Community in Frameworks */,
				088E504A2B096A6000ADC202 /* FirebaseRemoteConfig in Frameworks */,
				088E50262B096A6000ADC202 /* FirebaseAppDistribution-Beta in Frameworks */,
				088E502A2B096A6000ADC202 /* FirebaseAuthCombine-Community in Frameworks */,
				088E50482B096A6000ADC202 /* FirebasePerformance in Frameworks */,
				088E50402B096A6000ADC202 /* FirebaseInAppMessagingSwift-Beta in Frameworks */,
				088E504E2B096A6000ADC202 /* FirebaseStorage in Frameworks */,
				088E50322B096A6000ADC202 /* FirebaseDynamicLinks in Frameworks */,
				088E50362B096A6000ADC202 /* FirebaseFirestoreCombine-Community in Frameworks */,
				088E50462B096A6000ADC202 /* FirebaseMessaging in Frameworks */,
				088E50422B096A6000ADC202 /* FirebaseInstallations in Frameworks */,
			);
			runOnlyForDeploymentPostprocessing = 0;
		};
/* End PBXFrameworksBuildPhase section */

/* Begin PBXGroup section */
		08215C622B06030B005B8FE6 = {
			isa = PBXGroup;
			children = (
				08215C6D2B06030B005B8FE6 /* InstagramTutorial */,
				08215C6C2B06030B005B8FE6 /* Products */,
			);
			sourceTree = "<group>";
		};
		08215C6C2B06030B005B8FE6 /* Products */ = {
			isa = PBXGroup;
			children = (
				08215C6B2B06030B005B8FE6 /* InstagramTutorial.app */,
			);
			name = Products;
			sourceTree = "<group>";
		};
		08215C6D2B06030B005B8FE6 /* InstagramTutorial */ = {
			isa = PBXGroup;
			children = (
				08215C812B06033E005B8FE6 /* App */,
				08215C802B06033D005B8FE6 /* Core */,
				08215C7F2B060339005B8FE6 /* Extensios */,
				08215C7E2B060338005B8FE6 /* Model */,
				08215C7C2B060330005B8FE6 /* Service */,
				08215C722B06030C005B8FE6 /* Assets.xcassets */,
				088E50182B09699700ADC202 /* GoogleService-Info.plist */,
				08215C742B06030C005B8FE6 /* Preview Content */,
			);
			path = InstagramTutorial;
			sourceTree = "<group>";
		};
		08215C742B06030C005B8FE6 /* Preview Content */ = {
			isa = PBXGroup;
			children = (
				08215C752B06030C005B8FE6 /* Preview Assets.xcassets */,
			);
			path = "Preview Content";
			sourceTree = "<group>";
		};
		08215C7C2B060330005B8FE6 /* Service */ = {
			isa = PBXGroup;
			children = (
			);
			path = Service;
			sourceTree = "<group>";
		};
		08215C7E2B060338005B8FE6 /* Model */ = {
			isa = PBXGroup;
			children = (
				088E500A2B091D8300ADC202 /* User.swift */,
				088E50102B09305300ADC202 /* Post.swift */,
			);
			path = Model;
			sourceTree = "<group>";
		};
		08215C7F2B060339005B8FE6 /* Extensios */ = {
			isa = PBXGroup;
			children = (
			);
			path = Extensios;
			sourceTree = "<group>";
		};
		08215C802B06033D005B8FE6 /* Core */ = {
			isa = PBXGroup;
			children = (
				08215C8D2B060A31005B8FE6 /* Components */,
				08215C822B060371005B8FE6 /* Authentication */,
				08215C832B0603B6005B8FE6 /* Feed */,
				08215C842B0603BB005B8FE6 /* Profile */,
				08215C852B0603C0005B8FE6 /* Root */,
				08215C862B0603C7005B8FE6 /* Search */,
				08215C872B0603D9005B8FE6 /* Tabbar */,
				08215C882B0603DF005B8FE6 /* UploadPost */,
			);
			path = Core;
			sourceTree = "<group>";
		};
		08215C812B06033E005B8FE6 /* App */ = {
			isa = PBXGroup;
			children = (
				08215C6E2B06030B005B8FE6 /* InstagramTutorialApp.swift */,
			);
			path = App;
			sourceTree = "<group>";
		};
		08215C822B060371005B8FE6 /* Authentication */ = {
			isa = PBXGroup;
			children = (
				08C13CD22B1B078C000B8DAF /* Service */,
				08C13CD12B1B0773000B8DAF /* View */,
			);
			path = Authentication;
			sourceTree = "<group>";
		};
		08215C832B0603B6005B8FE6 /* Feed */ = {
			isa = PBXGroup;
			children = (
				080EC3442B07DB8E005B4382 /* FeedView.swift */,
				080EC3462B07DB97005B4382 /* FeedCell.swift */,
			);
			path = Feed;
			sourceTree = "<group>";
		};
		08215C842B0603BB005B8FE6 /* Profile */ = {
			isa = PBXGroup;
			children = (
				08215C8B2B060643005B8FE6 /* ProfileView.swift */,
				088E500E2B092B1300ADC202 /* CurrentUserProfileView.swift */,
				088E50142B093E5200ADC202 /* ProfileHeaderView.swift */,
			);
			path = Profile;
			sourceTree = "<group>";
		};
		08215C852B0603C0005B8FE6 /* Root */ = {
			isa = PBXGroup;
			children = (
				08C13CD52B1B0924000B8DAF /* View */,
				08C13CD62B1B092A000B8DAF /* ViewModel */,
				088E50162B09620400ADC202 /* iconText.swift */,
			);
			path = Root;
			sourceTree = "<group>";
		};
		08215C862B0603C7005B8FE6 /* Search */ = {
			isa = PBXGroup;
			children = (
				088E4FFA2B085CCD00ADC202 /* SearchView.swift */,
			);
			path = Search;
			sourceTree = "<group>";
		};
		08215C872B0603D9005B8FE6 /* Tabbar */ = {
			isa = PBXGroup;
			children = (
				08215C892B06053B005B8FE6 /* MainTabView.swift */,
			);
			path = Tabbar;
			sourceTree = "<group>";
		};
		08215C882B0603DF005B8FE6 /* UploadPost */ = {
			isa = PBXGroup;
			children = (
				088E50512B09964700ADC202 /* UploadPostView.swift */,
				08C13CCF2B1B010A000B8DAF /* UploadPostViewModel.swift */,
			);
			path = UploadPost;
			sourceTree = "<group>";
		};
		08215C8D2B060A31005B8FE6 /* Components */ = {
			isa = PBXGroup;
			children = (
				08215C8E2B060A5A005B8FE6 /* UserStackView.swift */,
				088E50002B08902400ADC202 /* IGTextFieldModifier.swift */,
				088E50122B093CE500ADC202 /* PostGridView.swift */,
			);
			path = Components;
			sourceTree = "<group>";
		};
		08C13CD12B1B0773000B8DAF /* View */ = {
			isa = PBXGroup;
			children = (
				088E4FFC2B086B8600ADC202 /* LoginView.swift */,
				088E4FFE2B088C0E00ADC202 /* AddEmailView.swift */,
				088E50022B08913600ADC202 /* CreateUsernameView.swift */,
				088E50062B08954900ADC202 /* CreatePasswordView.swift */,
				088E50082B0895D700ADC202 /* CompleteSignUpView.swift */,
			);
			path = View;
			sourceTree = "<group>";
		};
		08C13CD22B1B078C000B8DAF /* Service */ = {
			isa = PBXGroup;
			children = (
				08C13CD32B1B079E000B8DAF /* AuthService.swift */,
			);
			path = Service;
			sourceTree = "<group>";
		};
		08C13CD52B1B0924000B8DAF /* View */ = {
			isa = PBXGroup;
			children = (
				08215C702B06030B005B8FE6 /* ContentView.swift */,
			);
			path = View;
			sourceTree = "<group>";
		};
		08C13CD62B1B092A000B8DAF /* ViewModel */ = {
			isa = PBXGroup;
			children = (
				08C13CD72B1B0967000B8DAF /* ContentViewModel.swift */,
			);
			path = ViewModel;
			sourceTree = "<group>";
		};
/* End PBXGroup section */

/* Begin PBXNativeTarget section */
		08215C6A2B06030B005B8FE6 /* InstagramTutorial */ = {
			isa = PBXNativeTarget;
			buildConfigurationList = 08215C792B06030C005B8FE6 /* Build configuration list for PBXNativeTarget "InstagramTutorial" */;
			buildPhases = (
				08215C672B06030B005B8FE6 /* Sources */,
				08215C682B06030B005B8FE6 /* Frameworks */,
				08215C692B06030B005B8FE6 /* Resources */,
			);
			buildRules = (
			);
			dependencies = (
			);
			name = InstagramTutorial;
			packageProductDependencies = (
				088E501B2B096A6000ADC202 /* FirebaseAnalytics */,
				088E501D2B096A6000ADC202 /* FirebaseAnalyticsOnDeviceConversion */,
				088E501F2B096A6000ADC202 /* FirebaseAnalyticsSwift */,
				088E50212B096A6000ADC202 /* FirebaseAnalyticsWithoutAdIdSupport */,
				088E50232B096A6000ADC202 /* FirebaseAppCheck */,
				088E50252B096A6000ADC202 /* FirebaseAppDistribution-Beta */,
				088E50272B096A6000ADC202 /* FirebaseAuth */,
				088E50292B096A6000ADC202 /* FirebaseAuthCombine-Community */,
				088E502B2B096A6000ADC202 /* FirebaseCrashlytics */,
				088E502D2B096A6000ADC202 /* FirebaseDatabase */,
				088E502F2B096A6000ADC202 /* FirebaseDatabaseSwift */,
				088E50312B096A6000ADC202 /* FirebaseDynamicLinks */,
				088E50332B096A6000ADC202 /* FirebaseFirestore */,
				088E50352B096A6000ADC202 /* FirebaseFirestoreCombine-Community */,
				088E50372B096A6000ADC202 /* FirebaseFirestoreSwift */,
				088E50392B096A6000ADC202 /* FirebaseFunctions */,
				088E503B2B096A6000ADC202 /* FirebaseFunctionsCombine-Community */,
				088E503D2B096A6000ADC202 /* FirebaseInAppMessaging-Beta */,
				088E503F2B096A6000ADC202 /* FirebaseInAppMessagingSwift-Beta */,
				088E50412B096A6000ADC202 /* FirebaseInstallations */,
				088E50432B096A6000ADC202 /* FirebaseMLModelDownloader */,
				088E50452B096A6000ADC202 /* FirebaseMessaging */,
				088E50472B096A6000ADC202 /* FirebasePerformance */,
				088E50492B096A6000ADC202 /* FirebaseRemoteConfig */,
				088E504B2B096A6000ADC202 /* FirebaseRemoteConfigSwift */,
				088E504D2B096A6000ADC202 /* FirebaseStorage */,
				088E504F2B096A6000ADC202 /* FirebaseStorageCombine-Community */,
			);
			productName = InstagramTutorial;
			productReference = 08215C6B2B06030B005B8FE6 /* InstagramTutorial.app */;
			productType = "com.apple.product-type.application";
		};
/* End PBXNativeTarget section */

/* Begin PBXProject section */
		08215C632B06030B005B8FE6 /* Project object */ = {
			isa = PBXProject;
			attributes = {
				BuildIndependentTargetsInParallel = 1;
				LastSwiftUpdateCheck = 1500;
				LastUpgradeCheck = 1500;
				TargetAttributes = {
					08215C6A2B06030B005B8FE6 = {
						CreatedOnToolsVersion = 15.0.1;
					};
				};
			};
			buildConfigurationList = 08215C662B06030B005B8FE6 /* Build configuration list for PBXProject "InstagramTutorial" */;
			compatibilityVersion = "Xcode 14.0";
			developmentRegion = en;
			hasScannedForEncodings = 0;
			knownRegions = (
				en,
				Base,
			);
			mainGroup = 08215C622B06030B005B8FE6;
			packageReferences = (
				088E501A2B096A6000ADC202 /* XCRemoteSwiftPackageReference "firebase-ios-sdk" */,
			);
			productRefGroup = 08215C6C2B06030B005B8FE6 /* Products */;
			projectDirPath = "";
			projectRoot = "";
			targets = (
				08215C6A2B06030B005B8FE6 /* InstagramTutorial */,
			);
		};
/* End PBXProject section */

/* Begin PBXResourcesBuildPhase section */
		08215C692B06030B005B8FE6 /* Resources */ = {
			isa = PBXResourcesBuildPhase;
			buildActionMask = 2147483647;
			files = (
				08215C762B06030C005B8FE6 /* Preview Assets.xcassets in Resources */,
				08215C732B06030C005B8FE6 /* Assets.xcassets in Resources */,
				088E50192B09699700ADC202 /* GoogleService-Info.plist in Resources */,
			);
			runOnlyForDeploymentPostprocessing = 0;
		};
/* End PBXResourcesBuildPhase section */

/* Begin PBXSourcesBuildPhase section */
		08215C672B06030B005B8FE6 /* Sources */ = {
			isa = PBXSourcesBuildPhase;
			buildActionMask = 2147483647;
			files = (
				080EC3472B07DB97005B4382 /* FeedCell.swift in Sources */,
				08C13CD42B1B079E000B8DAF /* AuthService.swift in Sources */,
				08215C8C2B060643005B8FE6 /* ProfileView.swift in Sources */,
				08215C712B06030B005B8FE6 /* ContentView.swift in Sources */,
				088E4FFD2B086B8600ADC202 /* LoginView.swift in Sources */,
				088E50112B09305300ADC202 /* Post.swift in Sources */,
				08215C6F2B06030B005B8FE6 /* InstagramTutorialApp.swift in Sources */,
				088E500F2B092B1300ADC202 /* CurrentUserProfileView.swift in Sources */,
				08C13CD82B1B0967000B8DAF /* ContentViewModel.swift in Sources */,
				088E50172B09620400ADC202 /* iconText.swift in Sources */,
				088E4FFF2B088C0E00ADC202 /* AddEmailView.swift in Sources */,
				088E50132B093CE500ADC202 /* PostGridView.swift in Sources */,
				088E50032B08913600ADC202 /* CreateUsernameView.swift in Sources */,
				088E50152B093E5200ADC202 /* ProfileHeaderView.swift in Sources */,
				088E50092B0895D700ADC202 /* CompleteSignUpView.swift in Sources */,
				08C13CD02B1B010A000B8DAF /* UploadPostViewModel.swift in Sources */,
				088E500B2B091D8300ADC202 /* User.swift in Sources */,
				088E4FFB2B085CCD00ADC202 /* SearchView.swift in Sources */,
				088E50012B08902400ADC202 /* IGTextFieldModifier.swift in Sources */,
				088E50522B09964700ADC202 /* UploadPostView.swift in Sources */,
				08215C8A2B06053B005B8FE6 /* MainTabView.swift in Sources */,
				080EC3452B07DB8E005B4382 /* FeedView.swift in Sources */,
				08215C8F2B060A5A005B8FE6 /* UserStackView.swift in Sources */,
				088E50072B08954900ADC202 /* CreatePasswordView.swift in Sources */,
			);
			runOnlyForDeploymentPostprocessing = 0;
		};
/* End PBXSourcesBuildPhase section */

/* Begin XCBuildConfiguration section */
		08215C772B06030C005B8FE6 /* Debug */ = {
			isa = XCBuildConfiguration;
			buildSettings = {
				ALWAYS_SEARCH_USER_PATHS = NO;
				ASSETCATALOG_COMPILER_GENERATE_SWIFT_ASSET_SYMBOL_EXTENSIONS = YES;
				CLANG_ANALYZER_NONNULL = YES;
				CLANG_ANALYZER_NUMBER_OBJECT_CONVERSION = YES_AGGRESSIVE;
				CLANG_CXX_LANGUAGE_STANDARD = "gnu++20";
				CLANG_ENABLE_MODULES = YES;
				CLANG_ENABLE_OBJC_ARC = YES;
				CLANG_ENABLE_OBJC_WEAK = YES;
				CLANG_WARN_BLOCK_CAPTURE_AUTORELEASING = YES;
				CLANG_WARN_BOOL_CONVERSION = YES;
				CLANG_WARN_COMMA = YES;
				CLANG_WARN_CONSTANT_CONVERSION = YES;
				CLANG_WARN_DEPRECATED_OBJC_IMPLEMENTATIONS = YES;
				CLANG_WARN_DIRECT_OBJC_ISA_USAGE = YES_ERROR;
				CLANG_WARN_DOCUMENTATION_COMMENTS = YES;
				CLANG_WARN_EMPTY_BODY = YES;
				CLANG_WARN_ENUM_CONVERSION = YES;
				CLANG_WARN_INFINITE_RECURSION = YES;
				CLANG_WARN_INT_CONVERSION = YES;
				CLANG_WARN_NON_LITERAL_NULL_CONVERSION = YES;
				CLANG_WARN_OBJC_IMPLICIT_RETAIN_SELF = YES;
				CLANG_WARN_OBJC_LITERAL_CONVERSION = YES;
				CLANG_WARN_OBJC_ROOT_CLASS = YES_ERROR;
				CLANG_WARN_QUOTED_INCLUDE_IN_FRAMEWORK_HEADER = YES;
				CLANG_WARN_RANGE_LOOP_ANALYSIS = YES;
				CLANG_WARN_STRICT_PROTOTYPES = YES;
				CLANG_WARN_SUSPICIOUS_MOVE = YES;
				CLANG_WARN_UNGUARDED_AVAILABILITY = YES_AGGRESSIVE;
				CLANG_WARN_UNREACHABLE_CODE = YES;
				CLANG_WARN__DUPLICATE_METHOD_MATCH = YES;
				COPY_PHASE_STRIP = NO;
				DEBUG_INFORMATION_FORMAT = dwarf;
				ENABLE_STRICT_OBJC_MSGSEND = YES;
				ENABLE_TESTABILITY = YES;
				ENABLE_USER_SCRIPT_SANDBOXING = YES;
				GCC_C_LANGUAGE_STANDARD = gnu17;
				GCC_DYNAMIC_NO_PIC = NO;
				GCC_NO_COMMON_BLOCKS = YES;
				GCC_OPTIMIZATION_LEVEL = 0;
				GCC_PREPROCESSOR_DEFINITIONS = (
					"DEBUG=1",
					"$(inherited)",
				);
				GCC_WARN_64_TO_32_BIT_CONVERSION = YES;
				GCC_WARN_ABOUT_RETURN_TYPE = YES_ERROR;
				GCC_WARN_UNDECLARED_SELECTOR = YES;
				GCC_WARN_UNINITIALIZED_AUTOS = YES_AGGRESSIVE;
				GCC_WARN_UNUSED_FUNCTION = YES;
				GCC_WARN_UNUSED_VARIABLE = YES;
				IPHONEOS_DEPLOYMENT_TARGET = 17.0;
				LOCALIZATION_PREFERS_STRING_CATALOGS = YES;
				MTL_ENABLE_DEBUG_INFO = INCLUDE_SOURCE;
				MTL_FAST_MATH = YES;
				ONLY_ACTIVE_ARCH = YES;
				SDKROOT = iphoneos;
				SWIFT_ACTIVE_COMPILATION_CONDITIONS = "DEBUG $(inherited)";
				SWIFT_OPTIMIZATION_LEVEL = "-Onone";
			};
			name = Debug;
		};
		08215C782B06030C005B8FE6 /* Release */ = {
			isa = XCBuildConfiguration;
			buildSettings = {
				ALWAYS_SEARCH_USER_PATHS = NO;
				ASSETCATALOG_COMPILER_GENERATE_SWIFT_ASSET_SYMBOL_EXTENSIONS = YES;
				CLANG_ANALYZER_NONNULL = YES;
				CLANG_ANALYZER_NUMBER_OBJECT_CONVERSION = YES_AGGRESSIVE;
				CLANG_CXX_LANGUAGE_STANDARD = "gnu++20";
				CLANG_ENABLE_MODULES = YES;
				CLANG_ENABLE_OBJC_ARC = YES;
				CLANG_ENABLE_OBJC_WEAK = YES;
				CLANG_WARN_BLOCK_CAPTURE_AUTORELEASING = YES;
				CLANG_WARN_BOOL_CONVERSION = YES;
				CLANG_WARN_COMMA = YES;
				CLANG_WARN_CONSTANT_CONVERSION = YES;
				CLANG_WARN_DEPRECATED_OBJC_IMPLEMENTATIONS = YES;
				CLANG_WARN_DIRECT_OBJC_ISA_USAGE = YES_ERROR;
				CLANG_WARN_DOCUMENTATION_COMMENTS = YES;
				CLANG_WARN_EMPTY_BODY = YES;
				CLANG_WARN_ENUM_CONVERSION = YES;
				CLANG_WARN_INFINITE_RECURSION = YES;
				CLANG_WARN_INT_CONVERSION = YES;
				CLANG_WARN_NON_LITERAL_NULL_CONVERSION = YES;
				CLANG_WARN_OBJC_IMPLICIT_RETAIN_SELF = YES;
				CLANG_WARN_OBJC_LITERAL_CONVERSION = YES;
				CLANG_WARN_OBJC_ROOT_CLASS = YES_ERROR;
				CLANG_WARN_QUOTED_INCLUDE_IN_FRAMEWORK_HEADER = YES;
				CLANG_WARN_RANGE_LOOP_ANALYSIS = YES;
				CLANG_WARN_STRICT_PROTOTYPES = YES;
				CLANG_WARN_SUSPICIOUS_MOVE = YES;
				CLANG_WARN_UNGUARDED_AVAILABILITY = YES_AGGRESSIVE;
				CLANG_WARN_UNREACHABLE_CODE = YES;
				CLANG_WARN__DUPLICATE_METHOD_MATCH = YES;
				COPY_PHASE_STRIP = NO;
				DEBUG_INFORMATION_FORMAT = "dwarf-with-dsym";
				ENABLE_NS_ASSERTIONS = NO;
				ENABLE_STRICT_OBJC_MSGSEND = YES;
				ENABLE_USER_SCRIPT_SANDBOXING = YES;
				GCC_C_LANGUAGE_STANDARD = gnu17;
				GCC_NO_COMMON_BLOCKS = YES;
				GCC_WARN_64_TO_32_BIT_CONVERSION = YES;
				GCC_WARN_ABOUT_RETURN_TYPE = YES_ERROR;
				GCC_WARN_UNDECLARED_SELECTOR = YES;
				GCC_WARN_UNINITIALIZED_AUTOS = YES_AGGRESSIVE;
				GCC_WARN_UNUSED_FUNCTION = YES;
				GCC_WARN_UNUSED_VARIABLE = YES;
				IPHONEOS_DEPLOYMENT_TARGET = 17.0;
				LOCALIZATION_PREFERS_STRING_CATALOGS = YES;
				MTL_ENABLE_DEBUG_INFO = NO;
				MTL_FAST_MATH = YES;
				SDKROOT = iphoneos;
				SWIFT_COMPILATION_MODE = wholemodule;
				VALIDATE_PRODUCT = YES;
			};
			name = Release;
		};
		08215C7A2B06030C005B8FE6 /* Debug */ = {
			isa = XCBuildConfiguration;
			buildSettings = {
				ASSETCATALOG_COMPILER_APPICON_NAME = AppIcon;
				ASSETCATALOG_COMPILER_GLOBAL_ACCENT_COLOR_NAME = AccentColor;
				CODE_SIGN_STYLE = Automatic;
				CURRENT_PROJECT_VERSION = 1;
				DEVELOPMENT_ASSET_PATHS = "\"InstagramTutorial/Preview Content\"";
				DEVELOPMENT_TEAM = RDNPK2Q663;
				ENABLE_PREVIEWS = YES;
				GENERATE_INFOPLIST_FILE = YES;
				INFOPLIST_KEY_UIApplicationSceneManifest_Generation = YES;
				INFOPLIST_KEY_UIApplicationSupportsIndirectInputEvents = YES;
				INFOPLIST_KEY_UILaunchScreen_Generation = YES;
				INFOPLIST_KEY_UISupportedInterfaceOrientations_iPad = "UIInterfaceOrientationPortrait UIInterfaceOrientationPortraitUpsideDown UIInterfaceOrientationLandscapeLeft UIInterfaceOrientationLandscapeRight";
				INFOPLIST_KEY_UISupportedInterfaceOrientations_iPhone = "UIInterfaceOrientationPortrait UIInterfaceOrientationLandscapeLeft UIInterfaceOrientationLandscapeRight";
				IPHONEOS_DEPLOYMENT_TARGET = 17.0;
				LD_RUNPATH_SEARCH_PATHS = (
					"$(inherited)",
					"@executable_path/Frameworks",
				);
				MARKETING_VERSION = 1.0;
				PRODUCT_BUNDLE_IDENTIFIER = me.kambiz.InstagramTutorial;
				PRODUCT_NAME = "$(TARGET_NAME)";
				SWIFT_EMIT_LOC_STRINGS = YES;
				SWIFT_VERSION = 5.0;
				TARGETED_DEVICE_FAMILY = "1,2";
			};
			name = Debug;
		};
		08215C7B2B06030C005B8FE6 /* Release */ = {
			isa = XCBuildConfiguration;
			buildSettings = {
				ASSETCATALOG_COMPILER_APPICON_NAME = AppIcon;
				ASSETCATALOG_COMPILER_GLOBAL_ACCENT_COLOR_NAME = AccentColor;
				CODE_SIGN_STYLE = Automatic;
				CURRENT_PROJECT_VERSION = 1;
				DEVELOPMENT_ASSET_PATHS = "\"InstagramTutorial/Preview Content\"";
				DEVELOPMENT_TEAM = RDNPK2Q663;
				ENABLE_PREVIEWS = YES;
				GENERATE_INFOPLIST_FILE = YES;
				INFOPLIST_KEY_UIApplicationSceneManifest_Generation = YES;
				INFOPLIST_KEY_UIApplicationSupportsIndirectInputEvents = YES;
				INFOPLIST_KEY_UILaunchScreen_Generation = YES;
				INFOPLIST_KEY_UISupportedInterfaceOrientations_iPad = "UIInterfaceOrientationPortrait UIInterfaceOrientationPortraitUpsideDown UIInterfaceOrientationLandscapeLeft UIInterfaceOrientationLandscapeRight";
				INFOPLIST_KEY_UISupportedInterfaceOrientations_iPhone = "UIInterfaceOrientationPortrait UIInterfaceOrientationLandscapeLeft UIInterfaceOrientationLandscapeRight";
				IPHONEOS_DEPLOYMENT_TARGET = 17.0;
				LD_RUNPATH_SEARCH_PATHS = (
					"$(inherited)",
					"@executable_path/Frameworks",
				);
				MARKETING_VERSION = 1.0;
				PRODUCT_BUNDLE_IDENTIFIER = me.kambiz.InstagramTutorial;
				PRODUCT_NAME = "$(TARGET_NAME)";
				SWIFT_EMIT_LOC_STRINGS = YES;
				SWIFT_VERSION = 5.0;
				TARGETED_DEVICE_FAMILY = "1,2";
			};
			name = Release;
		};
/* End XCBuildConfiguration section */

/* Begin XCConfigurationList section */
		08215C662B06030B005B8FE6 /* Build configuration list for PBXProject "InstagramTutorial" */ = {
			isa = XCConfigurationList;
			buildConfigurations = (
				08215C772B06030C005B8FE6 /* Debug */,
				08215C782B06030C005B8FE6 /* Release */,
			);
			defaultConfigurationIsVisible = 0;
			defaultConfigurationName = Release;
		};
		08215C792B06030C005B8FE6 /* Build configuration list for PBXNativeTarget "InstagramTutorial" */ = {
			isa = XCConfigurationList;
			buildConfigurations = (
				08215C7A2B06030C005B8FE6 /* Debug */,
				08215C7B2B06030C005B8FE6 /* Release */,
			);
			defaultConfigurationIsVisible = 0;
			defaultConfigurationName = Release;
		};
/* End XCConfigurationList section */

/* Begin XCRemoteSwiftPackageReference section */
		088E501A2B096A6000ADC202 /* XCRemoteSwiftPackageReference "firebase-ios-sdk" */ = {
			isa = XCRemoteSwiftPackageReference;
			repositoryURL = "https://github.com/firebase/firebase-ios-sdk";
			requirement = {
				kind = upToNextMajorVersion;
				minimumVersion = 10.18.0;
			};
		};
/* End XCRemoteSwiftPackageReference section */

/* Begin XCSwiftPackageProductDependency section */
		088E501B2B096A6000ADC202 /* FirebaseAnalytics */ = {
			isa = XCSwiftPackageProductDependency;
			package = 088E501A2B096A6000ADC202 /* XCRemoteSwiftPackageReference "firebase-ios-sdk" */;
			productName = FirebaseAnalytics;
		};
		088E501D2B096A6000ADC202 /* FirebaseAnalyticsOnDeviceConversion */ = {
			isa = XCSwiftPackageProductDependency;
			package = 088E501A2B096A6000ADC202 /* XCRemoteSwiftPackageReference "firebase-ios-sdk" */;
			productName = FirebaseAnalyticsOnDeviceConversion;
		};
		088E501F2B096A6000ADC202 /* FirebaseAnalyticsSwift */ = {
			isa = XCSwiftPackageProductDependency;
			package = 088E501A2B096A6000ADC202 /* XCRemoteSwiftPackageReference "firebase-ios-sdk" */;
			productName = FirebaseAnalyticsSwift;
		};
		088E50212B096A6000ADC202 /* FirebaseAnalyticsWithoutAdIdSupport */ = {
			isa = XCSwiftPackageProductDependency;
			package = 088E501A2B096A6000ADC202 /* XCRemoteSwiftPackageReference "firebase-ios-sdk" */;
			productName = FirebaseAnalyticsWithoutAdIdSupport;
		};
		088E50232B096A6000ADC202 /* FirebaseAppCheck */ = {
			isa = XCSwiftPackageProductDependency;
			package = 088E501A2B096A6000ADC202 /* XCRemoteSwiftPackageReference "firebase-ios-sdk" */;
			productName = FirebaseAppCheck;
		};
		088E50252B096A6000ADC202 /* FirebaseAppDistribution-Beta */ = {
			isa = XCSwiftPackageProductDependency;
			package = 088E501A2B096A6000ADC202 /* XCRemoteSwiftPackageReference "firebase-ios-sdk" */;
			productName = "FirebaseAppDistribution-Beta";
		};
		088E50272B096A6000ADC202 /* FirebaseAuth */ = {
			isa = XCSwiftPackageProductDependency;
			package = 088E501A2B096A6000ADC202 /* XCRemoteSwiftPackageReference "firebase-ios-sdk" */;
			productName = FirebaseAuth;
		};
		088E50292B096A6000ADC202 /* FirebaseAuthCombine-Community */ = {
			isa = XCSwiftPackageProductDependency;
			package = 088E501A2B096A6000ADC202 /* XCRemoteSwiftPackageReference "firebase-ios-sdk" */;
			productName = "FirebaseAuthCombine-Community";
		};
		088E502B2B096A6000ADC202 /* FirebaseCrashlytics */ = {
			isa = XCSwiftPackageProductDependency;
			package = 088E501A2B096A6000ADC202 /* XCRemoteSwiftPackageReference "firebase-ios-sdk" */;
			productName = FirebaseCrashlytics;
		};
		088E502D2B096A6000ADC202 /* FirebaseDatabase */ = {
			isa = XCSwiftPackageProductDependency;
			package = 088E501A2B096A6000ADC202 /* XCRemoteSwiftPackageReference "firebase-ios-sdk" */;
			productName = FirebaseDatabase;
		};
		088E502F2B096A6000ADC202 /* FirebaseDatabaseSwift */ = {
			isa = XCSwiftPackageProductDependency;
			package = 088E501A2B096A6000ADC202 /* XCRemoteSwiftPackageReference "firebase-ios-sdk" */;
			productName = FirebaseDatabaseSwift;
		};
		088E50312B096A6000ADC202 /* FirebaseDynamicLinks */ = {
			isa = XCSwiftPackageProductDependency;
			package = 088E501A2B096A6000ADC202 /* XCRemoteSwiftPackageReference "firebase-ios-sdk" */;
			productName = FirebaseDynamicLinks;
		};
		088E50332B096A6000ADC202 /* FirebaseFirestore */ = {
			isa = XCSwiftPackageProductDependency;
			package = 088E501A2B096A6000ADC202 /* XCRemoteSwiftPackageReference "firebase-ios-sdk" */;
			productName = FirebaseFirestore;
		};
		088E50352B096A6000ADC202 /* FirebaseFirestoreCombine-Community */ = {
			isa = XCSwiftPackageProductDependency;
			package = 088E501A2B096A6000ADC202 /* XCRemoteSwiftPackageReference "firebase-ios-sdk" */;
			productName = "FirebaseFirestoreCombine-Community";
		};
		088E50372B096A6000ADC202 /* FirebaseFirestoreSwift */ = {
			isa = XCSwiftPackageProductDependency;
			package = 088E501A2B096A6000ADC202 /* XCRemoteSwiftPackageReference "firebase-ios-sdk" */;
			productName = FirebaseFirestoreSwift;
		};
		088E50392B096A6000ADC202 /* FirebaseFunctions */ = {
			isa = XCSwiftPackageProductDependency;
			package = 088E501A2B096A6000ADC202 /* XCRemoteSwiftPackageReference "firebase-ios-sdk" */;
			productName = FirebaseFunctions;
		};
		088E503B2B096A6000ADC202 /* FirebaseFunctionsCombine-Community */ = {
			isa = XCSwiftPackageProductDependency;
			package = 088E501A2B096A6000ADC202 /* XCRemoteSwiftPackageReference "firebase-ios-sdk" */;
			productName = "FirebaseFunctionsCombine-Community";
		};
		088E503D2B096A6000ADC202 /* FirebaseInAppMessaging-Beta */ = {
			isa = XCSwiftPackageProductDependency;
			package = 088E501A2B096A6000ADC202 /* XCRemoteSwiftPackageReference "firebase-ios-sdk" */;
			productName = "FirebaseInAppMessaging-Beta";
		};
		088E503F2B096A6000ADC202 /* FirebaseInAppMessagingSwift-Beta */ = {
			isa = XCSwiftPackageProductDependency;
			package = 088E501A2B096A6000ADC202 /* XCRemoteSwiftPackageReference "firebase-ios-sdk" */;
			productName = "FirebaseInAppMessagingSwift-Beta";
		};
		088E50412B096A6000ADC202 /* FirebaseInstallations */ = {
			isa = XCSwiftPackageProductDependency;
			package = 088E501A2B096A6000ADC202 /* XCRemoteSwiftPackageReference "firebase-ios-sdk" */;
			productName = FirebaseInstallations;
		};
		088E50432B096A6000ADC202 /* FirebaseMLModelDownloader */ = {
			isa = XCSwiftPackageProductDependency;
			package = 088E501A2B096A6000ADC202 /* XCRemoteSwiftPackageReference "firebase-ios-sdk" */;
			productName = FirebaseMLModelDownloader;
		};
		088E50452B096A6000ADC202 /* FirebaseMessaging */ = {
			isa = XCSwiftPackageProductDependency;
			package = 088E501A2B096A6000ADC202 /* XCRemoteSwiftPackageReference "firebase-ios-sdk" */;
			productName = FirebaseMessaging;
		};
		088E50472B096A6000ADC202 /* FirebasePerformance */ = {
			isa = XCSwiftPackageProductDependency;
			package = 088E501A2B096A6000ADC202 /* XCRemoteSwiftPackageReference "firebase-ios-sdk" */;
			productName = FirebasePerformance;
		};
		088E50492B096A6000ADC202 /* FirebaseRemoteConfig */ = {
			isa = XCSwiftPackageProductDependency;
			package = 088E501A2B096A6000ADC202 /* XCRemoteSwiftPackageReference "firebase-ios-sdk" */;
			productName = FirebaseRemoteConfig;
		};
		088E504B2B096A6000ADC202 /* FirebaseRemoteConfigSwift */ = {
			isa = XCSwiftPackageProductDependency;
			package = 088E501A2B096A6000ADC202 /* XCRemoteSwiftPackageReference "firebase-ios-sdk" */;
			productName = FirebaseRemoteConfigSwift;
		};
		088E504D2B096A6000ADC202 /* FirebaseStorage */ = {
			isa = XCSwiftPackageProductDependency;
			package = 088E501A2B096A6000ADC202 /* XCRemoteSwiftPackageReference "firebase-ios-sdk" */;
			productName = FirebaseStorage;
		};
		088E504F2B096A6000ADC202 /* FirebaseStorageCombine-Community */ = {
			isa = XCSwiftPackageProductDependency;
			package = 088E501A2B096A6000ADC202 /* XCRemoteSwiftPackageReference "firebase-ios-sdk" */;
			productName = "FirebaseStorageCombine-Community";
		};
/* End XCSwiftPackageProductDependency section */
	};
	rootObject = 08215C632B06030B005B8FE6 /* Project object */;
}
